
Microsoft Visual Studio Solution File, Format Version 12.00
# Visual Studio Version 17
VisualStudioVersion = 17.10.34928.147
MinimumVisualStudioVersion = 10.0.40219.1
Project("{2150E333-8FDC-42A3-9474-1A3956D46DE8}") = "src", "src", "{E94C8967-1C47-4FB6-AF0E-E8FF5B8EA4C2}"
EndProject
Project("{2150E333-8FDC-42A3-9474-1A3956D46DE8}") = "dotnet", "dotnet", "{6B93F1DC-23AF-4EF1-B1B0-DD9A11D30203}"
EndProject
Project("{2150E333-8FDC-42A3-9474-1A3956D46DE8}") = "Learn.Dotnet.DependencyInjection", "Learn.Dotnet.DependencyInjection", "{FAA5308E-FBF6-4CD8-8644-48D42EFA81F8}"
	ProjectSection(SolutionItems) = preProject
		Highlights.txt = Highlights.txt
	EndProjectSection
EndProject
Project("{9A19103F-16F7-4668-BE54-9A1E7A4F7556}") = "Learn.Dotnet.DependencyInjection.Api", "src\dotnet\Learn.Donet.DependencyInjection\Learn.Dotnet.DependencyInjection.Api\Learn.Dotnet.DependencyInjection.Api.csproj", "{4650635B-6EB5-4511-8A2B-74ECC7BEEDAD}"
EndProject
Project("{2150E333-8FDC-42A3-9474-1A3956D46DE8}") = "Learn.Dotnet.PrimaryConstructor", "Learn.Dotnet.PrimaryConstructor", "{22E8DFFE-6F60-47BA-AE07-A56A02BEC421}"
EndProject
Project("{9A19103F-16F7-4668-BE54-9A1E7A4F7556}") = "Learn.Dotnet.PrimaryConstructor", "src\dotnet\Learn.Dotnet.PrimaryConstructor\Learn.Dotnet.PrimaryConstructor.csproj", "{192DCBC1-09BD-489E-BB87-5484AF0E0921}"
EndProject
Project("{2150E333-8FDC-42A3-9474-1A3956D46DE8}") = "Learn.Dotnet.ExceptionHandling", "Learn.Dotnet.ExceptionHandling", "{201D6828-55CD-49E0-9196-D0F360C8F8C6}"
EndProject
Project("{9A19103F-16F7-4668-BE54-9A1E7A4F7556}") = "Learn.Dotnet.ThrowVsThrowEx", "src\dotnet\Learn.Dotnet.ExceptionHandling\Learn.Dotnet.ThrowVsThrowEx.csproj", "{F12F1503-25A5-4D1A-8F79-DAFF1127C3D6}"
EndProject
Project("{9A19103F-16F7-4668-BE54-9A1E7A4F7556}") = "Learn.Dotnet.DependencyInjection.Consl", "src\dotnet\Learn.Donet.DependencyInjection\Learn.Dotnet.DependencyInjection.Consl\Learn.Dotnet.DependencyInjection.Consl.csproj", "{B3FB8E86-1D94-46B4-AFDD-C1243B666E7F}"
EndProject
Project("{2150E333-8FDC-42A3-9474-1A3956D46DE8}") = "Learn.Dotnet.ClassVsRecord", "Learn.Dotnet.ClassVsRecord", "{1EEEA69F-AB42-4F4C-900F-28F30CE2EE50}"
EndProject
Project("{FAE04EC0-301F-11D3-BF4B-00C04F79EFBC}") = "Learn.Dotnet.ClassVsRecord", "src\dotnet\Learn.Dotnet.ClassVsRecord\Learn.Dotnet.ClassVsRecord.csproj", "{691C0A08-3DC4-4B45-BF35-95A29EC7B508}"
EndProject
Global
	GlobalSection(SolutionConfigurationPlatforms) = preSolution
		Debug|Any CPU = Debug|Any CPU
		Release|Any CPU = Release|Any CPU
	EndGlobalSection
	GlobalSection(ProjectConfigurationPlatforms) = postSolution
		{4650635B-6EB5-4511-8A2B-74ECC7BEEDAD}.Debug|Any CPU.ActiveCfg = Debug|Any CPU
		{4650635B-6EB5-4511-8A2B-74ECC7BEEDAD}.Debug|Any CPU.Build.0 = Debug|Any CPU
		{4650635B-6EB5-4511-8A2B-74ECC7BEEDAD}.Release|Any CPU.ActiveCfg = Release|Any CPU
		{4650635B-6EB5-4511-8A2B-74ECC7BEEDAD}.Release|Any CPU.Build.0 = Release|Any CPU
		{192DCBC1-09BD-489E-BB87-5484AF0E0921}.Debug|Any CPU.ActiveCfg = Debug|Any CPU
		{192DCBC1-09BD-489E-BB87-5484AF0E0921}.Debug|Any CPU.Build.0 = Debug|Any CPU
		{192DCBC1-09BD-489E-BB87-5484AF0E0921}.Release|Any CPU.ActiveCfg = Release|Any CPU
		{192DCBC1-09BD-489E-BB87-5484AF0E0921}.Release|Any CPU.Build.0 = Release|Any CPU
		{F12F1503-25A5-4D1A-8F79-DAFF1127C3D6}.Debug|Any CPU.ActiveCfg = Debug|Any CPU
		{F12F1503-25A5-4D1A-8F79-DAFF1127C3D6}.Debug|Any CPU.Build.0 = Debug|Any CPU
		{F12F1503-25A5-4D1A-8F79-DAFF1127C3D6}.Release|Any CPU.ActiveCfg = Release|Any CPU
		{F12F1503-25A5-4D1A-8F79-DAFF1127C3D6}.Release|Any CPU.Build.0 = Release|Any CPU
		{B3FB8E86-1D94-46B4-AFDD-C1243B666E7F}.Debug|Any CPU.ActiveCfg = Debug|Any CPU
		{B3FB8E86-1D94-46B4-AFDD-C1243B666E7F}.Debug|Any CPU.Build.0 = Debug|Any CPU
		{B3FB8E86-1D94-46B4-AFDD-C1243B666E7F}.Release|Any CPU.ActiveCfg = Release|Any CPU
		{B3FB8E86-1D94-46B4-AFDD-C1243B666E7F}.Release|Any CPU.Build.0 = Release|Any CPU
		{691C0A08-3DC4-4B45-BF35-95A29EC7B508}.Debug|Any CPU.ActiveCfg = Debug|Any CPU
		{691C0A08-3DC4-4B45-BF35-95A29EC7B508}.Debug|Any CPU.Build.0 = Debug|Any CPU
		{691C0A08-3DC4-4B45-BF35-95A29EC7B508}.Release|Any CPU.ActiveCfg = Release|Any CPU
		{691C0A08-3DC4-4B45-BF35-95A29EC7B508}.Release|Any CPU.Build.0 = Release|Any CPU
	EndGlobalSection
	GlobalSection(SolutionProperties) = preSolution
		HideSolutionNode = FALSE
	EndGlobalSection
	GlobalSection(NestedProjects) = preSolution
		{6B93F1DC-23AF-4EF1-B1B0-DD9A11D30203} = {E94C8967-1C47-4FB6-AF0E-E8FF5B8EA4C2}
		{FAA5308E-FBF6-4CD8-8644-48D42EFA81F8} = {6B93F1DC-23AF-4EF1-B1B0-DD9A11D30203}
		{4650635B-6EB5-4511-8A2B-74ECC7BEEDAD} = {FAA5308E-FBF6-4CD8-8644-48D42EFA81F8}
		{22E8DFFE-6F60-47BA-AE07-A56A02BEC421} = {6B93F1DC-23AF-4EF1-B1B0-DD9A11D30203}
		{192DCBC1-09BD-489E-BB87-5484AF0E0921} = {22E8DFFE-6F60-47BA-AE07-A56A02BEC421}
		{201D6828-55CD-49E0-9196-D0F360C8F8C6} = {6B93F1DC-23AF-4EF1-B1B0-DD9A11D30203}
		{F12F1503-25A5-4D1A-8F79-DAFF1127C3D6} = {201D6828-55CD-49E0-9196-D0F360C8F8C6}
		{B3FB8E86-1D94-46B4-AFDD-C1243B666E7F} = {FAA5308E-FBF6-4CD8-8644-48D42EFA81F8}
		{1EEEA69F-AB42-4F4C-900F-28F30CE2EE50} = {6B93F1DC-23AF-4EF1-B1B0-DD9A11D30203}
		{691C0A08-3DC4-4B45-BF35-95A29EC7B508} = {1EEEA69F-AB42-4F4C-900F-28F30CE2EE50}
	EndGlobalSection
	GlobalSection(ExtensibilityGlobals) = postSolution
		SolutionGuid = {410A700A-1F4F-4E3A-A050-2834BD62B6B5}
	EndGlobalSection
EndGlobal
